{
  "name": "cirax",
  "version": "0.2.0",
  "lockfileVersion": 3,
  "requires": true,
  "packages": {
    "": {
      "name": "cirax",
      "version": "0.2.0",
      "hasInstallScript": true,
      "license": "MIT",
      "bin": {
        "cirax": "bin/cirax.js"
      },
      "engines": {
        "node": ">=16",
        "os": [
          "linux",
          "darwin"
        ]
      }
    }
  }
}
